
Microsoft Visual Studio Solution File, Format Version 12.00
# Visual Studio Version 17
VisualStudioVersion = 17.0.31912.275
MinimumVisualStudioVersion = 10.0.40219.1
Project("{FAE04EC0-301F-11D3-BF4B-00C04F79EFBC}") = "Banco_Digital_Empresas", "Banco_Digital_Empresas.csproj", "{36BEE84C-9598-4777-A73D-1B4064CA6542}"
EndProject
Global
	GlobalSection(SolutionConfigurationPlatforms) = preSolution
		Debug|Any CPU = Debug|Any CPU
		Release|Any CPU = Release|Any CPU
	EndGlobalSection
	GlobalSection(ProjectConfigurationPlatforms) = postSolution
		{36BEE84C-9598-4777-A73D-1B4064CA6542}.Debug|Any CPU.ActiveCfg = Debug|Any CPU
		{36BEE84C-9598-4777-A73D-1B4064CA6542}.Debug|Any CPU.Build.0 = Debug|Any CPU
		{36BEE84C-9598-4777-A73D-1B4064CA6542}.Release|Any CPU.ActiveCfg = Release|Any CPU
		{36BEE84C-9598-4777-A73D-1B4064CA6542}.Release|Any CPU.Build.0 = Release|Any CPU
	EndGlobalSection
	GlobalSection(SolutionProperties) = preSolution
		HideSolutionNode = FALSE
	EndGlobalSection
	GlobalSection(ExtensibilityGlobals) = postSolution
		SolutionGuid = {694333E1-95F4-4F20-9B24-D855323759E2}
	EndGlobalSection
EndGlobal
